// !$*UTF8*$!
{
	archiveVersion = 1;
	classes = {
	};
	objectVersion = 46;
	objects = {

/* Begin PBXBuildFile section */
		0458C6721E702CEC007D1D15 /* Foundation.framework in Frameworks */ = {isa = PBXBuildFile; fileRef = 0458C6711E702CEC007D1D15 /* Foundation.framework */; };
		0458C6741E702CF7007D1D15 /* UIKit.framework in Frameworks */ = {isa = PBXBuildFile; fileRef = 0458C6731E702CF7007D1D15 /* UIKit.framework */; };
		0458C6761E70303E007D1D15 /* libiconv.2.4.0.tbd in Frameworks */ = {isa = PBXBuildFile; fileRef = 0458C6751E70303E007D1D15 /* libiconv.2.4.0.tbd */; };
		04CAB9001E70215800F4C3F0 /* main.m in Sources */ = {isa = PBXBuildFile; fileRef = 04CAB8FF1E70215800F4C3F0 /* main.m */; };
		04CAB9031E70215800F4C3F0 /* AppDelegate.m in Sources */ = {isa = PBXBuildFile; fileRef = 04CAB9021E70215800F4C3F0 /* AppDelegate.m */; };
		04CAB9061E70215800F4C3F0 /* ViewController.m in Sources */ = {isa = PBXBuildFile; fileRef = 04CAB9051E70215800F4C3F0 /* ViewController.m */; };
		04CAB9091E70215800F4C3F0 /* Main.storyboard in Resources */ = {isa = PBXBuildFile; fileRef = 04CAB9071E70215800F4C3F0 /* Main.storyboard */; };
		04CAB90B1E70215800F4C3F0 /* Assets.xcassets in Resources */ = {isa = PBXBuildFile; fileRef = 04CAB90A1E70215800F4C3F0 /* Assets.xcassets */; };
		04CAB90E1E70215800F4C3F0 /* LaunchScreen.storyboard in Resources */ = {isa = PBXBuildFile; fileRef = 04CAB90C1E70215800F4C3F0 /* LaunchScreen.storyboard */; };
		04CAB9191E70215800F4C3F0 /* IceTestTests.m in Sources */ = {isa = PBXBuildFile; fileRef = 04CAB9181E70215800F4C3F0 /* IceTestTests.m */; };
		04CAB9241E70215800F4C3F0 /* IceTestUITests.m in Sources */ = {isa = PBXBuildFile; fileRef = 04CAB9231E70215800F4C3F0 /* IceTestUITests.m */; };
		04CAB9341E70247600F4C3F0 /* Security.framework in Frameworks */ = {isa = PBXBuildFile; fileRef = 04CAB9331E70247600F4C3F0 /* Security.framework */; };
		04CAB9361E7024B800F4C3F0 /* CFNetwork.framework in Frameworks */ = {isa = PBXBuildFile; fileRef = 04CAB9351E7024B800F4C3F0 /* CFNetwork.framework */; };
		04CAB9381E7024CD00F4C3F0 /* ExternalAccessory.framework in Frameworks */ = {isa = PBXBuildFile; fileRef = 04CAB9371E7024CD00F4C3F0 /* ExternalAccessory.framework */; };
		363973421EFA778E00D18496 /* M01001.ice in Resources */ = {isa = PBXBuildFile; fileRef = 363973411EFA778E00D18496 /* M01001.ice */; };
		363973451EFA77A100D18496 /* M01001.m in Sources */ = {isa = PBXBuildFile; fileRef = 363973441EFA77A100D18496 /* M01001.m */; };
		369914521EFA6CEC0082CFC8 /* Comm.ice in Resources */ = {isa = PBXBuildFile; fileRef = 369914501EFA6CEC0082CFC8 /* Comm.ice */; };
		369914581EFA6D0A0082CFC8 /* Comm.m in Sources */ = {isa = PBXBuildFile; fileRef = 369914551EFA6D0A0082CFC8 /* Comm.m */; };
/* End PBXBuildFile section */

/* Begin PBXBuildRule section */
		04CAB9311E70225A00F4C3F0 /* PBXBuildRule */ = {
			isa = PBXBuildRule;
			compilerSpec = com.apple.compilers.proxy.script;
			filePatterns = "*.ice";
			fileType = pattern.proxy;
			isEditable = 1;
			outputFiles = (
				"$(SRCROOT)/IceTest/$(INPUT_FILE_BASE).h",
				"$(SRCROOT)/IceTest/$(INPUT_FILE_BASE).m",
			);
			script = /usr/local/bin/icebuilder;
		};
/* End PBXBuildRule section */

/* Begin PBXContainerItemProxy section */
		04CAB9151E70215800F4C3F0 /* PBXContainerItemProxy */ = {
			isa = PBXContainerItemProxy;
			containerPortal = 04CAB8F31E70215800F4C3F0 /* Project object */;
			proxyType = 1;
			remoteGlobalIDString = 04CAB8FA1E70215800F4C3F0;
			remoteInfo = IceTest;
		};
		04CAB9201E70215800F4C3F0 /* PBXContainerItemProxy */ = {
			isa = PBXContainerItemProxy;
			containerPortal = 04CAB8F31E70215800F4C3F0 /* Project object */;
			proxyType = 1;
			remoteGlobalIDString = 04CAB8FA1E70215800F4C3F0;
			remoteInfo = IceTest;
		};
/* End PBXContainerItemProxy section */

/* Begin PBXFileReference section */
		0458C6711E702CEC007D1D15 /* Foundation.framework */ = {isa = PBXFileReference; lastKnownFileType = wrapper.framework; name = Foundation.framework; path = System/Library/Frameworks/Foundation.framework; sourceTree = SDKROOT; };
		0458C6731E702CF7007D1D15 /* UIKit.framework */ = {isa = PBXFileReference; lastKnownFileType = wrapper.framework; name = UIKit.framework; path = System/Library/Frameworks/UIKit.framework; sourceTree = SDKROOT; };
		0458C6751E70303E007D1D15 /* libiconv.2.4.0.tbd */ = {isa = PBXFileReference; lastKnownFileType = "sourcecode.text-based-dylib-definition"; name = libiconv.2.4.0.tbd; path = usr/lib/libiconv.2.4.0.tbd; sourceTree = SDKROOT; };
		04CAB8FB1E70215800F4C3F0 /* IceTest.app */ = {isa = PBXFileReference; explicitFileType = wrapper.application; includeInIndex = 0; path = IceTest.app; sourceTree = BUILT_PRODUCTS_DIR; };
		04CAB8FF1E70215800F4C3F0 /* main.m */ = {isa = PBXFileReference; lastKnownFileType = sourcecode.c.objc; path = main.m; sourceTree = "<group>"; };
		04CAB9011E70215800F4C3F0 /* AppDelegate.h */ = {isa = PBXFileReference; lastKnownFileType = sourcecode.c.h; path = AppDelegate.h; sourceTree = "<group>"; };
		04CAB9021E70215800F4C3F0 /* AppDelegate.m */ = {isa = PBXFileReference; lastKnownFileType = sourcecode.c.objc; path = AppDelegate.m; sourceTree = "<group>"; };
		04CAB9041E70215800F4C3F0 /* ViewController.h */ = {isa = PBXFileReference; lastKnownFileType = sourcecode.c.h; path = ViewController.h; sourceTree = "<group>"; };
		04CAB9051E70215800F4C3F0 /* ViewController.m */ = {isa = PBXFileReference; lastKnownFileType = sourcecode.c.objc; path = ViewController.m; sourceTree = "<group>"; };
		04CAB9081E70215800F4C3F0 /* Base */ = {isa = PBXFileReference; lastKnownFileType = file.storyboard; name = Base; path = Base.lproj/Main.storyboard; sourceTree = "<group>"; };
		04CAB90A1E70215800F4C3F0 /* Assets.xcassets */ = {isa = PBXFileReference; lastKnownFileType = folder.assetcatalog; path = Assets.xcassets; sourceTree = "<group>"; };
		04CAB90D1E70215800F4C3F0 /* Base */ = {isa = PBXFileReference; lastKnownFileType = file.storyboard; name = Base; path = Base.lproj/LaunchScreen.storyboard; sourceTree = "<group>"; };
		04CAB90F1E70215800F4C3F0 /* Info.plist */ = {isa = PBXFileReference; lastKnownFileType = text.plist.xml; path = Info.plist; sourceTree = "<group>"; };
		04CAB9141E70215800F4C3F0 /* IceTestTests.xctest */ = {isa = PBXFileReference; explicitFileType = wrapper.cfbundle; includeInIndex = 0; path = IceTestTests.xctest; sourceTree = BUILT_PRODUCTS_DIR; };
		04CAB9181E70215800F4C3F0 /* IceTestTests.m */ = {isa = PBXFileReference; lastKnownFileType = sourcecode.c.objc; path = IceTestTests.m; sourceTree = "<group>"; };
		04CAB91A1E70215800F4C3F0 /* Info.plist */ = {isa = PBXFileReference; lastKnownFileType = text.plist.xml; path = Info.plist; sourceTree = "<group>"; };
		04CAB91F1E70215800F4C3F0 /* IceTestUITests.xctest */ = {isa = PBXFileReference; explicitFileType = wrapper.cfbundle; includeInIndex = 0; path = IceTestUITests.xctest; sourceTree = BUILT_PRODUCTS_DIR; };
		04CAB9231E70215800F4C3F0 /* IceTestUITests.m */ = {isa = PBXFileReference; lastKnownFileType = sourcecode.c.objc; path = IceTestUITests.m; sourceTree = "<group>"; };
		04CAB9251E70215800F4C3F0 /* Info.plist */ = {isa = PBXFileReference; lastKnownFileType = text.plist.xml; path = Info.plist; sourceTree = "<group>"; };
		04CAB9331E70247600F4C3F0 /* Security.framework */ = {isa = PBXFileReference; lastKnownFileType = wrapper.framework; name = Security.framework; path = System/Library/Frameworks/Security.framework; sourceTree = SDKROOT; };
		04CAB9351E7024B800F4C3F0 /* CFNetwork.framework */ = {isa = PBXFileReference; lastKnownFileType = wrapper.framework; name = CFNetwork.framework; path = System/Library/Frameworks/CFNetwork.framework; sourceTree = SDKROOT; };
		04CAB9371E7024CD00F4C3F0 /* ExternalAccessory.framework */ = {isa = PBXFileReference; lastKnownFileType = wrapper.framework; name = ExternalAccessory.framework; path = System/Library/Frameworks/ExternalAccessory.framework; sourceTree = SDKROOT; };
		363973411EFA778E00D18496 /* M01001.ice */ = {isa = PBXFileReference; fileEncoding = 4; lastKnownFileType = text; path = M01001.ice; sourceTree = "<group>"; };
		363973431EFA77A100D18496 /* M01001.h */ = {isa = PBXFileReference; fileEncoding = 4; lastKnownFileType = sourcecode.c.h; path = M01001.h; sourceTree = "<group>"; };
		363973441EFA77A100D18496 /* M01001.m */ = {isa = PBXFileReference; fileEncoding = 4; lastKnownFileType = sourcecode.c.objc; path = M01001.m; sourceTree = "<group>"; };
		369914501EFA6CEC0082CFC8 /* Comm.ice */ = {isa = PBXFileReference; fileEncoding = 4; lastKnownFileType = text; path = Comm.ice; sourceTree = "<group>"; };
		369914541EFA6D0A0082CFC8 /* Comm.h */ = {isa = PBXFileReference; fileEncoding = 4; lastKnownFileType = sourcecode.c.h; path = Comm.h; sourceTree = "<group>"; };
		369914551EFA6D0A0082CFC8 /* Comm.m */ = {isa = PBXFileReference; fileEncoding = 4; lastKnownFileType = sourcecode.c.objc; path = Comm.m; sourceTree = "<group>"; };
/* End PBXFileReference section */

/* Begin PBXFrameworksBuildPhase section */
		04CAB8F81E70215800F4C3F0 /* Frameworks */ = {
			isa = PBXFrameworksBuildPhase;
			buildActionMask = 2147483647;
			files = (
				0458C6761E70303E007D1D15 /* libiconv.2.4.0.tbd in Frameworks */,
				0458C6741E702CF7007D1D15 /* UIKit.framework in Frameworks */,
				0458C6721E702CEC007D1D15 /* Foundation.framework in Frameworks */,
				04CAB9381E7024CD00F4C3F0 /* ExternalAccessory.framework in Frameworks */,
				04CAB9361E7024B800F4C3F0 /* CFNetwork.framework in Frameworks */,
				04CAB9341E70247600F4C3F0 /* Security.framework in Frameworks */,
			);
			runOnlyForDeploymentPostprocessing = 0;
		};
		04CAB9111E70215800F4C3F0 /* Frameworks */ = {
			isa = PBXFrameworksBuildPhase;
			buildActionMask = 2147483647;
			files = (
			);
			runOnlyForDeploymentPostprocessing = 0;
		};
		04CAB91C1E70215800F4C3F0 /* Frameworks */ = {
			isa = PBXFrameworksBuildPhase;
			buildActionMask = 2147483647;
			files = (
			);
			runOnlyForDeploymentPostprocessing = 0;
		};
/* End PBXFrameworksBuildPhase section */

/* Begin PBXGroup section */
		04CAB8F21E70215800F4C3F0 = {
			isa = PBXGroup;
			children = (
				04CAB8FD1E70215800F4C3F0 /* IceTest */,
				04CAB9171E70215800F4C3F0 /* IceTestTests */,
				04CAB9221E70215800F4C3F0 /* IceTestUITests */,
				04CAB8FC1E70215800F4C3F0 /* Products */,
				04CAB9321E70247600F4C3F0 /* Frameworks */,
			);
			sourceTree = "<group>";
		};
		04CAB8FC1E70215800F4C3F0 /* Products */ = {
			isa = PBXGroup;
			children = (
				04CAB8FB1E70215800F4C3F0 /* IceTest.app */,
				04CAB9141E70215800F4C3F0 /* IceTestTests.xctest */,
				04CAB91F1E70215800F4C3F0 /* IceTestUITests.xctest */,
			);
			name = Products;
			sourceTree = "<group>";
		};
		04CAB8FD1E70215800F4C3F0 /* IceTest */ = {
			isa = PBXGroup;
			children = (
				363973431EFA77A100D18496 /* M01001.h */,
				363973441EFA77A100D18496 /* M01001.m */,
				369914541EFA6D0A0082CFC8 /* Comm.h */,
				369914551EFA6D0A0082CFC8 /* Comm.m */,
				04CAB9011E70215800F4C3F0 /* AppDelegate.h */,
				04CAB9021E70215800F4C3F0 /* AppDelegate.m */,
				04CAB9041E70215800F4C3F0 /* ViewController.h */,
				04CAB9051E70215800F4C3F0 /* ViewController.m */,
				369914501EFA6CEC0082CFC8 /* Comm.ice */,
				363973411EFA778E00D18496 /* M01001.ice */,
				04CAB9071E70215800F4C3F0 /* Main.storyboard */,
				04CAB90A1E70215800F4C3F0 /* Assets.xcassets */,
				04CAB90C1E70215800F4C3F0 /* LaunchScreen.storyboard */,
				04CAB90F1E70215800F4C3F0 /* Info.plist */,
				04CAB8FE1E70215800F4C3F0 /* Supporting Files */,
			);
			path = IceTest;
			sourceTree = "<group>";
		};
		04CAB8FE1E70215800F4C3F0 /* Supporting Files */ = {
			isa = PBXGroup;
			children = (
				04CAB8FF1E70215800F4C3F0 /* main.m */,
			);
			name = "Supporting Files";
			sourceTree = "<group>";
		};
		04CAB9171E70215800F4C3F0 /* IceTestTests */ = {
			isa = PBXGroup;
			children = (
				04CAB9181E70215800F4C3F0 /* IceTestTests.m */,
				04CAB91A1E70215800F4C3F0 /* Info.plist */,
			);
			path = IceTestTests;
			sourceTree = "<group>";
		};
		04CAB9221E70215800F4C3F0 /* IceTestUITests */ = {
			isa = PBXGroup;
			children = (
				04CAB9231E70215800F4C3F0 /* IceTestUITests.m */,
				04CAB9251E70215800F4C3F0 /* Info.plist */,
			);
			path = IceTestUITests;
			sourceTree = "<group>";
		};
		04CAB9321E70247600F4C3F0 /* Frameworks */ = {
			isa = PBXGroup;
			children = (
				0458C6751E70303E007D1D15 /* libiconv.2.4.0.tbd */,
				0458C6731E702CF7007D1D15 /* UIKit.framework */,
				0458C6711E702CEC007D1D15 /* Foundation.framework */,
				04CAB9371E7024CD00F4C3F0 /* ExternalAccessory.framework */,
				04CAB9351E7024B800F4C3F0 /* CFNetwork.framework */,
				04CAB9331E70247600F4C3F0 /* Security.framework */,
			);
			name = Frameworks;
			sourceTree = "<group>";
		};
/* End PBXGroup section */

/* Begin PBXNativeTarget section */
		04CAB8FA1E70215800F4C3F0 /* IceTest */ = {
			isa = PBXNativeTarget;
			buildConfigurationList = 04CAB9281E70215800F4C3F0 /* Build configuration list for PBXNativeTarget "IceTest" */;
			buildPhases = (
				04CAB8F71E70215800F4C3F0 /* Sources */,
				04CAB8F81E70215800F4C3F0 /* Frameworks */,
				04CAB8F91E70215800F4C3F0 /* Resources */,
			);
			buildRules = (
				04CAB9311E70225A00F4C3F0 /* PBXBuildRule */,
			);
			dependencies = (
			);
			name = IceTest;
			productName = IceTest;
			productReference = 04CAB8FB1E70215800F4C3F0 /* IceTest.app */;
			productType = "com.apple.product-type.application";
		};
		04CAB9131E70215800F4C3F0 /* IceTestTests */ = {
			isa = PBXNativeTarget;
			buildConfigurationList = 04CAB92B1E70215800F4C3F0 /* Build configuration list for PBXNativeTarget "IceTestTests" */;
			buildPhases = (
				04CAB9101E70215800F4C3F0 /* Sources */,
				04CAB9111E70215800F4C3F0 /* Frameworks */,
				04CAB9121E70215800F4C3F0 /* Resources */,
			);
			buildRules = (
			);
			dependencies = (
				04CAB9161E70215800F4C3F0 /* PBXTargetDependency */,
			);
			name = IceTestTests;
			productName = IceTestTests;
			productReference = 04CAB9141E70215800F4C3F0 /* IceTestTests.xctest */;
			productType = "com.apple.product-type.bundle.unit-test";
		};
		04CAB91E1E70215800F4C3F0 /* IceTestUITests */ = {
			isa = PBXNativeTarget;
			buildConfigurationList = 04CAB92E1E70215800F4C3F0 /* Build configuration list for PBXNativeTarget "IceTestUITests" */;
			buildPhases = (
				04CAB91B1E70215800F4C3F0 /* Sources */,
				04CAB91C1E70215800F4C3F0 /* Frameworks */,
				04CAB91D1E70215800F4C3F0 /* Resources */,
			);
			buildRules = (
			);
			dependencies = (
				04CAB9211E70215800F4C3F0 /* PBXTargetDependency */,
			);
			name = IceTestUITests;
			productName = IceTestUITests;
			productReference = 04CAB91F1E70215800F4C3F0 /* IceTestUITests.xctest */;
			productType = "com.apple.product-type.bundle.ui-testing";
		};
/* End PBXNativeTarget section */

/* Begin PBXProject section */
		04CAB8F31E70215800F4C3F0 /* Project object */ = {
			isa = PBXProject;
			attributes = {
				LastUpgradeCheck = 0820;
				ORGANIZATIONNAME = mac;
				TargetAttributes = {
					04CAB8FA1E70215800F4C3F0 = {
						CreatedOnToolsVersion = 8.2.1;
						DevelopmentTeam = 59Q2E3377P;
						ProvisioningStyle = Automatic;
					};
					04CAB9131E70215800F4C3F0 = {
						CreatedOnToolsVersion = 8.2.1;
						ProvisioningStyle = Automatic;
						TestTargetID = 04CAB8FA1E70215800F4C3F0;
					};
					04CAB91E1E70215800F4C3F0 = {
						CreatedOnToolsVersion = 8.2.1;
						ProvisioningStyle = Automatic;
						TestTargetID = 04CAB8FA1E70215800F4C3F0;
					};
				};
			};
			buildConfigurationList = 04CAB8F61E70215800F4C3F0 /* Build configuration list for PBXProject "IceTest" */;
			compatibilityVersion = "Xcode 3.2";
			developmentRegion = English;
			hasScannedForEncodings = 0;
			knownRegions = (
				en,
				Base,
			);
			mainGroup = 04CAB8F21E70215800F4C3F0;
			productRefGroup = 04CAB8FC1E70215800F4C3F0 /* Products */;
			projectDirPath = "";
			projectRoot = "";
			targets = (
				04CAB8FA1E70215800F4C3F0 /* IceTest */,
				04CAB9131E70215800F4C3F0 /* IceTestTests */,
				04CAB91E1E70215800F4C3F0 /* IceTestUITests */,
			);
		};
/* End PBXProject section */

/* Begin PBXResourcesBuildPhase section */
		04CAB8F91E70215800F4C3F0 /* Resources */ = {
			isa = PBXResourcesBuildPhase;
			buildActionMask = 2147483647;
			files = (
				363973421EFA778E00D18496 /* M01001.ice in Resources */,
				04CAB90E1E70215800F4C3F0 /* LaunchScreen.storyboard in Resources */,
				04CAB90B1E70215800F4C3F0 /* Assets.xcassets in Resources */,
				04CAB9091E70215800F4C3F0 /* Main.storyboard in Resources */,
				369914521EFA6CEC0082CFC8 /* Comm.ice in Resources */,
			);
			runOnlyForDeploymentPostprocessing = 0;
		};
		04CAB9121E70215800F4C3F0 /* Resources */ = {
			isa = PBXResourcesBuildPhase;
			buildActionMask = 2147483647;
			files = (
			);
			runOnlyForDeploymentPostprocessing = 0;
		};
		04CAB91D1E70215800F4C3F0 /* Resources */ = {
			isa = PBXResourcesBuildPhase;
			buildActionMask = 2147483647;
			files = (
			);
			runOnlyForDeploymentPostprocessing = 0;
		};
/* End PBXResourcesBuildPhase section */

/* Begin PBXSourcesBuildPhase section */
		04CAB8F71E70215800F4C3F0 /* Sources */ = {
			isa = PBXSourcesBuildPhase;
			buildActionMask = 2147483647;
			files = (
				04CAB9061E70215800F4C3F0 /* ViewController.m in Sources */,
				363973451EFA77A100D18496 /* M01001.m in Sources */,
				369914581EFA6D0A0082CFC8 /* Comm.m in Sources */,
				04CAB9031E70215800F4C3F0 /* AppDelegate.m in Sources */,
				04CAB9001E70215800F4C3F0 /* main.m in Sources */,
			);
			runOnlyForDeploymentPostprocessing = 0;
		};
		04CAB9101E70215800F4C3F0 /* Sources */ = {
			isa = PBXSourcesBuildPhase;
			buildActionMask = 2147483647;
			files = (
				04CAB9191E70215800F4C3F0 /* IceTestTests.m in Sources */,
			);
			runOnlyForDeploymentPostprocessing = 0;
		};
		04CAB91B1E70215800F4C3F0 /* Sources */ = {
			isa = PBXSourcesBuildPhase;
			buildActionMask = 2147483647;
			files = (
				04CAB9241E70215800F4C3F0 /* IceTestUITests.m in Sources */,
			);
			runOnlyForDeploymentPostprocessing = 0;
		};
/* End PBXSourcesBuildPhase section */

/* Begin PBXTargetDependency section */
		04CAB9161E70215800F4C3F0 /* PBXTargetDependency */ = {
			isa = PBXTargetDependency;
			target = 04CAB8FA1E70215800F4C3F0 /* IceTest */;
			targetProxy = 04CAB9151E70215800F4C3F0 /* PBXContainerItemProxy */;
		};
		04CAB9211E70215800F4C3F0 /* PBXTargetDependency */ = {
			isa = PBXTargetDependency;
			target = 04CAB8FA1E70215800F4C3F0 /* IceTest */;
			targetProxy = 04CAB9201E70215800F4C3F0 /* PBXContainerItemProxy */;
		};
/* End PBXTargetDependency section */

/* Begin PBXVariantGroup section */
		04CAB9071E70215800F4C3F0 /* Main.storyboard */ = {
			isa = PBXVariantGroup;
			children = (
				04CAB9081E70215800F4C3F0 /* Base */,
			);
			name = Main.storyboard;
			sourceTree = "<group>";
		};
		04CAB90C1E70215800F4C3F0 /* LaunchScreen.storyboard */ = {
			isa = PBXVariantGroup;
			children = (
				04CAB90D1E70215800F4C3F0 /* Base */,
			);
			name = LaunchScreen.storyboard;
			sourceTree = "<group>";
		};
/* End PBXVariantGroup section */

/* Begin XCBuildConfiguration section */
		04CAB9261E70215800F4C3F0 /* Debug */ = {
			isa = XCBuildConfiguration;
			buildSettings = {
				ALWAYS_SEARCH_USER_PATHS = NO;
				CLANG_ANALYZER_NONNULL = YES;
				CLANG_CXX_LANGUAGE_STANDARD = "gnu++0x";
				CLANG_CXX_LIBRARY = "libc++";
				CLANG_ENABLE_MODULES = YES;
				CLANG_ENABLE_OBJC_ARC = YES;
				CLANG_WARN_BOOL_CONVERSION = YES;
				CLANG_WARN_CONSTANT_CONVERSION = YES;
				CLANG_WARN_DIRECT_OBJC_ISA_USAGE = YES_ERROR;
				CLANG_WARN_DOCUMENTATION_COMMENTS = YES;
				CLANG_WARN_EMPTY_BODY = YES;
				CLANG_WARN_ENUM_CONVERSION = YES;
				CLANG_WARN_INFINITE_RECURSION = YES;
				CLANG_WARN_INT_CONVERSION = YES;
				CLANG_WARN_OBJC_ROOT_CLASS = YES_ERROR;
				CLANG_WARN_SUSPICIOUS_MOVE = YES;
				CLANG_WARN_UNREACHABLE_CODE = YES;
				CLANG_WARN__DUPLICATE_METHOD_MATCH = YES;
				"CODE_SIGN_IDENTITY[sdk=iphoneos*]" = "iPhone Developer";
				COPY_PHASE_STRIP = NO;
				DEBUG_INFORMATION_FORMAT = dwarf;
				ENABLE_STRICT_OBJC_MSGSEND = YES;
				ENABLE_TESTABILITY = YES;
				GCC_C_LANGUAGE_STANDARD = gnu99;
				GCC_DYNAMIC_NO_PIC = NO;
				GCC_NO_COMMON_BLOCKS = YES;
				GCC_OPTIMIZATION_LEVEL = 0;
				GCC_PREPROCESSOR_DEFINITIONS = (
					"DEBUG=1",
					"$(inherited)",
				);
				GCC_WARN_64_TO_32_BIT_CONVERSION = YES;
				GCC_WARN_ABOUT_RETURN_TYPE = YES_ERROR;
				GCC_WARN_UNDECLARED_SELECTOR = YES;
				GCC_WARN_UNINITIALIZED_AUTOS = YES_AGGRESSIVE;
				GCC_WARN_UNUSED_FUNCTION = YES;
				GCC_WARN_UNUSED_VARIABLE = YES;
				IPHONEOS_DEPLOYMENT_TARGET = 10.2;
				MTL_ENABLE_DEBUG_INFO = YES;
				ONLY_ACTIVE_ARCH = YES;
				SDKROOT = iphoneos;
			};
			name = Debug;
		};
		04CAB9271E70215800F4C3F0 /* Release */ = {
			isa = XCBuildConfiguration;
			buildSettings = {
				ALWAYS_SEARCH_USER_PATHS = NO;
				CLANG_ANALYZER_NONNULL = YES;
				CLANG_CXX_LANGUAGE_STANDARD = "gnu++0x";
				CLANG_CXX_LIBRARY = "libc++";
				CLANG_ENABLE_MODULES = YES;
				CLANG_ENABLE_OBJC_ARC = YES;
				CLANG_WARN_BOOL_CONVERSION = YES;
				CLANG_WARN_CONSTANT_CONVERSION = YES;
				CLANG_WARN_DIRECT_OBJC_ISA_USAGE = YES_ERROR;
				CLANG_WARN_DOCUMENTATION_COMMENTS = YES;
				CLANG_WARN_EMPTY_BODY = YES;
				CLANG_WARN_ENUM_CONVERSION = YES;
				CLANG_WARN_INFINITE_RECURSION = YES;
				CLANG_WARN_INT_CONVERSION = YES;
				CLANG_WARN_OBJC_ROOT_CLASS = YES_ERROR;
				CLANG_WARN_SUSPICIOUS_MOVE = YES;
				CLANG_WARN_UNREACHABLE_CODE = YES;
				CLANG_WARN__DUPLICATE_METHOD_MATCH = YES;
				"CODE_SIGN_IDENTITY[sdk=iphoneos*]" = "iPhone Developer";
				COPY_PHASE_STRIP = NO;
				DEBUG_INFORMATION_FORMAT = "dwarf-with-dsym";
				ENABLE_NS_ASSERTIONS = NO;
				ENABLE_STRICT_OBJC_MSGSEND = YES;
				GCC_C_LANGUAGE_STANDARD = gnu99;
				GCC_NO_COMMON_BLOCKS = YES;
				GCC_WARN_64_TO_32_BIT_CONVERSION = YES;
				GCC_WARN_ABOUT_RETURN_TYPE = YES_ERROR;
				GCC_WARN_UNDECLARED_SELECTOR = YES;
				GCC_WARN_UNINITIALIZED_AUTOS = YES_AGGRESSIVE;
				GCC_WARN_UNUSED_FUNCTION = YES;
				GCC_WARN_UNUSED_VARIABLE = YES;
				IPHONEOS_DEPLOYMENT_TARGET = 10.2;
				MTL_ENABLE_DEBUG_INFO = NO;
				SDKROOT = iphoneos;
				VALIDATE_PRODUCT = YES;
			};
			name = Release;
		};
		04CAB9291E70215800F4C3F0 /* Debug */ = {
			isa = XCBuildConfiguration;
			buildSettings = {
				ADDITIONAL_SDKS = "/usr/local/lib/IceTouch/ObjC/$(PLATFORM_NAME).sdk";
				ASSETCATALOG_COMPILER_APPICON_NAME = AppIcon;
				DEVELOPMENT_TEAM = 59Q2E3377P;
				INFOPLIST_FILE = IceTest/Info.plist;
				IPHONEOS_DEPLOYMENT_TARGET = 8.0;
				LD_RUNPATH_SEARCH_PATHS = "$(inherited) @executable_path/Frameworks";
				OTHER_LDFLAGS = (
					"-ObjC",
					"-lc++",
					"-lIceObjC",
				);
				PRODUCT_BUNDLE_IDENTIFIER = com.wb.IceTest.IceTest;
				PRODUCT_NAME = "$(TARGET_NAME)";
			};
			name = Debug;
		};
		04CAB92A1E70215800F4C3F0 /* Release */ = {
			isa = XCBuildConfiguration;
			buildSettings = {
				ADDITIONAL_SDKS = "/usr/local/lib/IceTouch/ObjC/$(PLATFORM_NAME).sdk";
				ASSETCATALOG_COMPILER_APPICON_NAME = AppIcon;
				DEVELOPMENT_TEAM = 59Q2E3377P;
				INFOPLIST_FILE = IceTest/Info.plist;
				IPHONEOS_DEPLOYMENT_TARGET = 8.0;
				LD_RUNPATH_SEARCH_PATHS = "$(inherited) @executable_path/Frameworks";
				OTHER_LDFLAGS = (
					"-ObjC",
					"-lc++",
					"-lIceObjC",
				);
				PRODUCT_BUNDLE_IDENTIFIER = com.wb.IceTest.IceTest;
				PRODUCT_NAME = "$(TARGET_NAME)";
			};
			name = Release;
		};
		04CAB92C1E70215800F4C3F0 /* Debug */ = {
			isa = XCBuildConfiguration;
			buildSettings = {
				BUNDLE_LOADER = "$(TEST_HOST)";
				INFOPLIST_FILE = IceTestTests/Info.plist;
				LD_RUNPATH_SEARCH_PATHS = "$(inherited) @executable_path/Frameworks @loader_path/Frameworks";
				PRODUCT_BUNDLE_IDENTIFIER = com.wb.IceTest.IceTestTests;
				PRODUCT_NAME = "$(TARGET_NAME)";
				TEST_HOST = "$(BUILT_PRODUCTS_DIR)/IceTest.app/IceTest";
			};
			name = Debug;
		};
		04CAB92D1E70215800F4C3F0 /* Release */ = {
			isa = XCBuildConfiguration;
			buildSettings = {
				BUNDLE_LOADER = "$(TEST_HOST)";
				INFOPLIST_FILE = IceTestTests/Info.plist;
				LD_RUNPATH_SEARCH_PATHS = "$(inherited) @executable_path/Frameworks @loader_path/Frameworks";
				PRODUCT_BUNDLE_IDENTIFIER = com.wb.IceTest.IceTestTests;
				PRODUCT_NAME = "$(TARGET_NAME)";
				TEST_HOST = "$(BUILT_PRODUCTS_DIR)/IceTest.app/IceTest";
			};
			name = Release;
		};
		04CAB92F1E70215800F4C3F0 /* Debug */ = {
			isa = XCBuildConfiguration;
			buildSettings = {
				INFOPLIST_FILE = IceTestUITests/Info.plist;
				LD_RUNPATH_SEARCH_PATHS = "$(inherited) @executable_path/Frameworks @loader_path/Frameworks";
				PRODUCT_BUNDLE_IDENTIFIER = com.wb.IceTest.IceTestUITests;
				PRODUCT_NAME = "$(TARGET_NAME)";
				TEST_TARGET_NAME = IceTest;
			};
			name = Debug;
		};
		04CAB9301E70215800F4C3F0 /* Release */ = {
			isa = XCBuildConfiguration;
			buildSettings = {
				INFOPLIST_FILE = IceTestUITests/Info.plist;
				LD_RUNPATH_SEARCH_PATHS = "$(inherited) @executable_path/Frameworks @loader_path/Frameworks";
				PRODUCT_BUNDLE_IDENTIFIER = com.wb.IceTest.IceTestUITests;
				PRODUCT_NAME = "$(TARGET_NAME)";
				TEST_TARGET_NAME = IceTest;
			};
			name = Release;
		};
/* End XCBuildConfiguration section */

/* Begin XCConfigurationList section */
		04CAB8F61E70215800F4C3F0 /* Build configuration list for PBXProject "IceTest" */ = {
			isa = XCConfigurationList;
			buildConfigurations = (
				04CAB9261E70215800F4C3F0 /* Debug */,
				04CAB9271E70215800F4C3F0 /* Release */,
			);
			defaultConfigurationIsVisible = 0;
			defaultConfigurationName = Release;
		};
		04CAB9281E70215800F4C3F0 /* Build configuration list for PBXNativeTarget "IceTest" */ = {
			isa = XCConfigurationList;
			buildConfigurations = (
				04CAB9291E70215800F4C3F0 /* Debug */,
				04CAB92A1E70215800F4C3F0 /* Release */,
			);
			defaultConfigurationIsVisible = 0;
			defaultConfigurationName = Release;
		};
		04CAB92B1E70215800F4C3F0 /* Build configuration list for PBXNativeTarget "IceTestTests" */ = {
			isa = XCConfigurationList;
			buildConfigurations = (
				04CAB92C1E70215800F4C3F0 /* Debug */,
				04CAB92D1E70215800F4C3F0 /* Release */,
			);
			defaultConfigurationIsVisible = 0;
			defaultConfigurationName = Release;
		};
		04CAB92E1E70215800F4C3F0 /* Build configuration list for PBXNativeTarget "IceTestUITests" */ = {
			isa = XCConfigurationList;
			buildConfigurations = (
				04CAB92F1E70215800F4C3F0 /* Debug */,
				04CAB9301E70215800F4C3F0 /* Release */,
			);
			defaultConfigurationIsVisible = 0;
			defaultConfigurationName = Release;
		};
/* End XCConfigurationList section */
	};
	rootObject = 04CAB8F31E70215800F4C3F0 /* Project object */;
}
